
Microsoft Visual Studio Solution File, Format Version 12.00
# Visual Studio Version 17
VisualStudioVersion = 17.2.32630.192
MinimumVisualStudioVersion = 10.0.40219.1
Project("{9A19103F-16F7-4668-BE54-9A1E7A4F7556}") = "Starter.Web", "Starter.Web\Starter.Web.csproj", "{5AC53CDC-09B7-40B8-8934-C98FB62D76F2}"
EndProject
Project("{9A19103F-16F7-4668-BE54-9A1E7A4F7556}") = "Starter.Domain", "Starter.Domain\Starter.Domain.csproj", "{BBB13C15-15AA-4690-B305-069E635CD48F}"
EndProject
Project("{9A19103F-16F7-4668-BE54-9A1E7A4F7556}") = "Starter.Repositories", "Starter.Repositories\Starter.Repositories.csproj", "{6CBC4FC6-99C9-4590-9CDE-AF8657DE5480}"
EndProject
Project("{9A19103F-16F7-4668-BE54-9A1E7A4F7556}") = "Starter.UnitTests", "Starter.UnitTests\Starter.UnitTests.csproj", "{D9057B61-1829-4927-BC9A-C7D14C0B054B}"
EndProject
Project("{2150E333-8FDC-42A3-9474-1A3956D46DE8}") = "Solution Items", "Solution Items", "{39B2EA24-73E6-4E6C-8B67-43A4193D5EA9}"
	ProjectSection(SolutionItems) = preProject
		.editorconfig = .editorconfig
	EndProjectSection
EndProject
Global
	GlobalSection(SolutionConfigurationPlatforms) = preSolution
		Debug|Any CPU = Debug|Any CPU
		Release|Any CPU = Release|Any CPU
	EndGlobalSection
	GlobalSection(ProjectConfigurationPlatforms) = postSolution
		{5AC53CDC-09B7-40B8-8934-C98FB62D76F2}.Debug|Any CPU.ActiveCfg = Debug|Any CPU
		{5AC53CDC-09B7-40B8-8934-C98FB62D76F2}.Debug|Any CPU.Build.0 = Debug|Any CPU
		{5AC53CDC-09B7-40B8-8934-C98FB62D76F2}.Release|Any CPU.ActiveCfg = Release|Any CPU
		{5AC53CDC-09B7-40B8-8934-C98FB62D76F2}.Release|Any CPU.Build.0 = Release|Any CPU
		{BBB13C15-15AA-4690-B305-069E635CD48F}.Debug|Any CPU.ActiveCfg = Debug|Any CPU
		{BBB13C15-15AA-4690-B305-069E635CD48F}.Debug|Any CPU.Build.0 = Debug|Any CPU
		{BBB13C15-15AA-4690-B305-069E635CD48F}.Release|Any CPU.ActiveCfg = Release|Any CPU
		{BBB13C15-15AA-4690-B305-069E635CD48F}.Release|Any CPU.Build.0 = Release|Any CPU
		{6CBC4FC6-99C9-4590-9CDE-AF8657DE5480}.Debug|Any CPU.ActiveCfg = Debug|Any CPU
		{6CBC4FC6-99C9-4590-9CDE-AF8657DE5480}.Debug|Any CPU.Build.0 = Debug|Any CPU
		{6CBC4FC6-99C9-4590-9CDE-AF8657DE5480}.Release|Any CPU.ActiveCfg = Release|Any CPU
		{6CBC4FC6-99C9-4590-9CDE-AF8657DE5480}.Release|Any CPU.Build.0 = Release|Any CPU
		{D9057B61-1829-4927-BC9A-C7D14C0B054B}.Debug|Any CPU.ActiveCfg = Debug|Any CPU
		{D9057B61-1829-4927-BC9A-C7D14C0B054B}.Debug|Any CPU.Build.0 = Debug|Any CPU
		{D9057B61-1829-4927-BC9A-C7D14C0B054B}.Release|Any CPU.ActiveCfg = Release|Any CPU
		{D9057B61-1829-4927-BC9A-C7D14C0B054B}.Release|Any CPU.Build.0 = Release|Any CPU
	EndGlobalSection
	GlobalSection(SolutionProperties) = preSolution
		HideSolutionNode = FALSE
	EndGlobalSection
	GlobalSection(ExtensibilityGlobals) = postSolution
		SolutionGuid = {4CE5AF21-300C-4DD2-99D4-8A2386378E8F}
	EndGlobalSection
EndGlobal
